
Microsoft Visual Studio Solution File, Format Version 12.00
# Visual Studio 2013
VisualStudioVersion = 12.0.21005.1
MinimumVisualStudioVersion = 10.0.40219.1
Project("{FAE04EC0-301F-11D3-BF4B-00C04F79EFBC}") = "CheatingAlgorithmTester", "CheatingAlgorithmTester\CheatingAlgorithmTester.csproj", "{3A355209-722E-43E7-A30F-D8223D0DF287}"
EndProject
Project("{FAE04EC0-301F-11D3-BF4B-00C04F79EFBC}") = "CheatingAlgorithm", "CheatingAlgorithm\CheatingAlgorithm.csproj", "{A78BCA8F-59C2-4B4E-9BB2-310D914F7E86}"
EndProject
Global
	GlobalSection(SolutionConfigurationPlatforms) = preSolution
		Debug|Any CPU = Debug|Any CPU
		Release|Any CPU = Release|Any CPU
	EndGlobalSection
	GlobalSection(ProjectConfigurationPlatforms) = postSolution
		{3A355209-722E-43E7-A30F-D8223D0DF287}.Debug|Any CPU.ActiveCfg = Debug|Any CPU
		{3A355209-722E-43E7-A30F-D8223D0DF287}.Debug|Any CPU.Build.0 = Debug|Any CPU
		{3A355209-722E-43E7-A30F-D8223D0DF287}.Release|Any CPU.ActiveCfg = Release|Any CPU
		{3A355209-722E-43E7-A30F-D8223D0DF287}.Release|Any CPU.Build.0 = Release|Any CPU
		{A78BCA8F-59C2-4B4E-9BB2-310D914F7E86}.Debug|Any CPU.ActiveCfg = Debug|Any CPU
		{A78BCA8F-59C2-4B4E-9BB2-310D914F7E86}.Debug|Any CPU.Build.0 = Debug|Any CPU
		{A78BCA8F-59C2-4B4E-9BB2-310D914F7E86}.Release|Any CPU.ActiveCfg = Release|Any CPU
		{A78BCA8F-59C2-4B4E-9BB2-310D914F7E86}.Release|Any CPU.Build.0 = Release|Any CPU
	EndGlobalSection
	GlobalSection(SolutionProperties) = preSolution
		HideSolutionNode = FALSE
	EndGlobalSection
EndGlobal
